
Microsoft Visual Studio Solution File, Format Version 12.00
# Visual Studio Version 17
VisualStudioVersion = 17.4.33213.308
MinimumVisualStudioVersion = 10.0.40219.1
Project("{FAE04EC0-301F-11D3-BF4B-00C04F79EFBC}") = "SupportBot", "SupportBot.csproj", "{71B54273-32AA-4556-A178-C0B0DAC01190}"
EndProject
Global
	GlobalSection(SolutionConfigurationPlatforms) = preSolution
		Debug|Any CPU = Debug|Any CPU
		Release|Any CPU = Release|Any CPU
	EndGlobalSection
	GlobalSection(ProjectConfigurationPlatforms) = postSolution
		{71B54273-32AA-4556-A178-C0B0DAC01190}.Debug|Any CPU.ActiveCfg = Debug|Any CPU
		{71B54273-32AA-4556-A178-C0B0DAC01190}.Debug|Any CPU.Build.0 = Debug|Any CPU
		{71B54273-32AA-4556-A178-C0B0DAC01190}.Release|Any CPU.ActiveCfg = Release|Any CPU
		{71B54273-32AA-4556-A178-C0B0DAC01190}.Release|Any CPU.Build.0 = Release|Any CPU
	EndGlobalSection
	GlobalSection(SolutionProperties) = preSolution
		HideSolutionNode = FALSE
	EndGlobalSection
	GlobalSection(ExtensibilityGlobals) = postSolution
		SolutionGuid = {93139D96-0FF1-4FEE-97B9-B90635C341D0}
	EndGlobalSection
EndGlobal
